// !$*UTF8*$!
{
	archiveVersion = 1;
	classes = {
	};
	objectVersion = 55;
	objects = {

/* Begin PBXBuildFile section */
		DCA3B132288843AB002CFF5C /* CustomColors.swift in Sources */ = {isa = PBXBuildFile; fileRef = DCA3B131288843AB002CFF5C /* CustomColors.swift */; };
		DCA3B13428886366002CFF5C /* FighterRow.swift in Sources */ = {isa = PBXBuildFile; fileRef = DCA3B13328886365002CFF5C /* FighterRow.swift */; };
		DCA3B137288863E9002CFF5C /* Fighter.swift in Sources */ = {isa = PBXBuildFile; fileRef = DCA3B136288863E9002CFF5C /* Fighter.swift */; };
		DCA3B13B288867FF002CFF5C /* FighterList.swift in Sources */ = {isa = PBXBuildFile; fileRef = DCA3B13A288867FF002CFF5C /* FighterList.swift */; };
		DCA3B13D288868C2002CFF5C /* FighterDetail.swift in Sources */ = {isa = PBXBuildFile; fileRef = DCA3B13C288868C2002CFF5C /* FighterDetail.swift */; };
		DCA3B13F28886B45002CFF5C /* FighterViewModel.swift in Sources */ = {isa = PBXBuildFile; fileRef = DCA3B13E28886B45002CFF5C /* FighterViewModel.swift */; };
		DCAA6FB22888C99B00777491 /* ModelData.swift in Sources */ = {isa = PBXBuildFile; fileRef = DCAA6FB12888C99B00777491 /* ModelData.swift */; };
		DCE453C72888BB6D00FCF5ED /* CircleImage.swift in Sources */ = {isa = PBXBuildFile; fileRef = DCE453C62888BB6D00FCF5ED /* CircleImage.swift */; };
		DCFA440D288594A30035711D /* OWCompanionApp.swift in Sources */ = {isa = PBXBuildFile; fileRef = DCFA440C288594A30035711D /* OWCompanionApp.swift */; };
		DCFA4411288594A90035711D /* Assets.xcassets in Resources */ = {isa = PBXBuildFile; fileRef = DCFA4410288594A90035711D /* Assets.xcassets */; };
		DCFA4414288594A90035711D /* Preview Assets.xcassets in Resources */ = {isa = PBXBuildFile; fileRef = DCFA4413288594A90035711D /* Preview Assets.xcassets */; };
		DCFA4437288594D40035711D /* ViewRouter.swift in Sources */ = {isa = PBXBuildFile; fileRef = DCFA4436288594D40035711D /* ViewRouter.swift */; };
		DCFA443A288596480035711D /* ViewSwitcher.swift in Sources */ = {isa = PBXBuildFile; fileRef = DCFA4439288596480035711D /* ViewSwitcher.swift */; };
		DCFA443C288597220035711D /* SignUpView.swift in Sources */ = {isa = PBXBuildFile; fileRef = DCFA443B288597220035711D /* SignUpView.swift */; };
		DCFA443E2885972C0035711D /* SignInView.swift in Sources */ = {isa = PBXBuildFile; fileRef = DCFA443D2885972C0035711D /* SignInView.swift */; };
		DCFA44402885973D0035711D /* HomeView.swift in Sources */ = {isa = PBXBuildFile; fileRef = DCFA443F2885973D0035711D /* HomeView.swift */; };
		DCFA44432885EA5B0035711D /* FirebaseAuth in Frameworks */ = {isa = PBXBuildFile; productRef = DCFA44422885EA5B0035711D /* FirebaseAuth */; };
		DCFA44452885EA5B0035711D /* FirebaseDatabase in Frameworks */ = {isa = PBXBuildFile; productRef = DCFA44442885EA5B0035711D /* FirebaseDatabase */; };
		DCFA44472885EA5B0035711D /* FirebaseFirestore in Frameworks */ = {isa = PBXBuildFile; productRef = DCFA44462885EA5B0035711D /* FirebaseFirestore */; };
		DCFA44492887009B0035711D /* GoogleService-Info.plist in Resources */ = {isa = PBXBuildFile; fileRef = DCFA44482887009B0035711D /* GoogleService-Info.plist */; };
/* End PBXBuildFile section */

/* Begin PBXContainerItemProxy section */
		DCFA441A288594AA0035711D /* PBXContainerItemProxy */ = {
			isa = PBXContainerItemProxy;
			containerPortal = DCFA4401288594A30035711D /* Project object */;
			proxyType = 1;
			remoteGlobalIDString = DCFA4408288594A30035711D;
			remoteInfo = OWCompanion;
		};
		DCFA4424288594AA0035711D /* PBXContainerItemProxy */ = {
			isa = PBXContainerItemProxy;
			containerPortal = DCFA4401288594A30035711D /* Project object */;
			proxyType = 1;
			remoteGlobalIDString = DCFA4408288594A30035711D;
			remoteInfo = OWCompanion;
		};
/* End PBXContainerItemProxy section */

/* Begin PBXFileReference section */
		DCA3B131288843AB002CFF5C /* CustomColors.swift */ = {isa = PBXFileReference; lastKnownFileType = sourcecode.swift; path = CustomColors.swift; sourceTree = "<group>"; };
		DCA3B13328886365002CFF5C /* FighterRow.swift */ = {isa = PBXFileReference; lastKnownFileType = sourcecode.swift; path = FighterRow.swift; sourceTree = "<group>"; };
		DCA3B136288863E9002CFF5C /* Fighter.swift */ = {isa = PBXFileReference; lastKnownFileType = sourcecode.swift; path = Fighter.swift; sourceTree = "<group>"; };
		DCA3B13A288867FF002CFF5C /* FighterList.swift */ = {isa = PBXFileReference; lastKnownFileType = sourcecode.swift; path = FighterList.swift; sourceTree = "<group>"; };
		DCA3B13C288868C2002CFF5C /* FighterDetail.swift */ = {isa = PBXFileReference; lastKnownFileType = sourcecode.swift; path = FighterDetail.swift; sourceTree = "<group>"; };
		DCA3B13E28886B45002CFF5C /* FighterViewModel.swift */ = {isa = PBXFileReference; lastKnownFileType = sourcecode.swift; path = FighterViewModel.swift; sourceTree = "<group>"; };
		DCAA6FB12888C99B00777491 /* ModelData.swift */ = {isa = PBXFileReference; lastKnownFileType = sourcecode.swift; path = ModelData.swift; sourceTree = "<group>"; };
		DCE453C62888BB6D00FCF5ED /* CircleImage.swift */ = {isa = PBXFileReference; lastKnownFileType = sourcecode.swift; path = CircleImage.swift; sourceTree = "<group>"; };
		DCFA4409288594A30035711D /* OWCompanion.app */ = {isa = PBXFileReference; explicitFileType = wrapper.application; includeInIndex = 0; path = OWCompanion.app; sourceTree = BUILT_PRODUCTS_DIR; };
		DCFA440C288594A30035711D /* OWCompanionApp.swift */ = {isa = PBXFileReference; lastKnownFileType = sourcecode.swift; path = OWCompanionApp.swift; sourceTree = "<group>"; };
		DCFA4410288594A90035711D /* Assets.xcassets */ = {isa = PBXFileReference; lastKnownFileType = folder.assetcatalog; path = Assets.xcassets; sourceTree = "<group>"; };
		DCFA4413288594A90035711D /* Preview Assets.xcassets */ = {isa = PBXFileReference; lastKnownFileType = folder.assetcatalog; path = "Preview Assets.xcassets"; sourceTree = "<group>"; };
		DCFA4419288594AA0035711D /* OWCompanionTests.xctest */ = {isa = PBXFileReference; explicitFileType = wrapper.cfbundle; includeInIndex = 0; path = OWCompanionTests.xctest; sourceTree = BUILT_PRODUCTS_DIR; };
		DCFA4423288594AA0035711D /* OWCompanionUITests.xctest */ = {isa = PBXFileReference; explicitFileType = wrapper.cfbundle; includeInIndex = 0; path = OWCompanionUITests.xctest; sourceTree = BUILT_PRODUCTS_DIR; };
		DCFA4436288594D40035711D /* ViewRouter.swift */ = {isa = PBXFileReference; lastKnownFileType = sourcecode.swift; path = ViewRouter.swift; sourceTree = "<group>"; };
		DCFA4439288596480035711D /* ViewSwitcher.swift */ = {isa = PBXFileReference; lastKnownFileType = sourcecode.swift; path = ViewSwitcher.swift; sourceTree = "<group>"; };
		DCFA443B288597220035711D /* SignUpView.swift */ = {isa = PBXFileReference; lastKnownFileType = sourcecode.swift; path = SignUpView.swift; sourceTree = "<group>"; };
		DCFA443D2885972C0035711D /* SignInView.swift */ = {isa = PBXFileReference; lastKnownFileType = sourcecode.swift; path = SignInView.swift; sourceTree = "<group>"; };
		DCFA443F2885973D0035711D /* HomeView.swift */ = {isa = PBXFileReference; lastKnownFileType = sourcecode.swift; path = HomeView.swift; sourceTree = "<group>"; };
		DCFA44482887009B0035711D /* GoogleService-Info.plist */ = {isa = PBXFileReference; fileEncoding = 4; lastKnownFileType = text.plist.xml; name = "GoogleService-Info.plist"; path = "../../../../../../../../Downloads/GoogleService-Info.plist"; sourceTree = "<group>"; };
/* End PBXFileReference section */

/* Begin PBXFrameworksBuildPhase section */
		DCFA4406288594A30035711D /* Frameworks */ = {
			isa = PBXFrameworksBuildPhase;
			buildActionMask = 2147483647;
			files = (
				DCFA44452885EA5B0035711D /* FirebaseDatabase in Frameworks */,
				DCFA44432885EA5B0035711D /* FirebaseAuth in Frameworks */,
				DCFA44472885EA5B0035711D /* FirebaseFirestore in Frameworks */,
			);
			runOnlyForDeploymentPostprocessing = 0;
		};
		DCFA4416288594AA0035711D /* Frameworks */ = {
			isa = PBXFrameworksBuildPhase;
			buildActionMask = 2147483647;
			files = (
			);
			runOnlyForDeploymentPostprocessing = 0;
		};
		DCFA4420288594AA0035711D /* Frameworks */ = {
			isa = PBXFrameworksBuildPhase;
			buildActionMask = 2147483647;
			files = (
			);
			runOnlyForDeploymentPostprocessing = 0;
		};
/* End PBXFrameworksBuildPhase section */

/* Begin PBXGroup section */
		DC5D15642888CDDA00238205 /* FighterViews */ = {
			isa = PBXGroup;
			children = (
				DCA3B13328886365002CFF5C /* FighterRow.swift */,
				DCA3B13A288867FF002CFF5C /* FighterList.swift */,
				DCA3B13C288868C2002CFF5C /* FighterDetail.swift */,
				DCE453C62888BB6D00FCF5ED /* CircleImage.swift */,
			);
			path = FighterViews;
			sourceTree = "<group>";
		};
		DCA3B1302888439B002CFF5C /* Helpers */ = {
			isa = PBXGroup;
			children = (
				DCA3B131288843AB002CFF5C /* CustomColors.swift */,
			);
			path = Helpers;
			sourceTree = "<group>";
		};
		DCA3B135288863D9002CFF5C /* Model */ = {
			isa = PBXGroup;
			children = (
				DCA3B136288863E9002CFF5C /* Fighter.swift */,
				DCA3B13E28886B45002CFF5C /* FighterViewModel.swift */,
				DCAA6FB12888C99B00777491 /* ModelData.swift */,
			);
			path = Model;
			sourceTree = "<group>";
		};
		DCFA4400288594A30035711D = {
			isa = PBXGroup;
			children = (
				DCFA440B288594A30035711D /* OWCompanion */,
				DCFA440A288594A30035711D /* Products */,
			);
			sourceTree = "<group>";
		};
		DCFA440A288594A30035711D /* Products */ = {
			isa = PBXGroup;
			children = (
				DCFA4409288594A30035711D /* OWCompanion.app */,
				DCFA4419288594AA0035711D /* OWCompanionTests.xctest */,
				DCFA4423288594AA0035711D /* OWCompanionUITests.xctest */,
			);
			name = Products;
			sourceTree = "<group>";
		};
		DCFA440B288594A30035711D /* OWCompanion */ = {
			isa = PBXGroup;
			children = (
				DCA3B135288863D9002CFF5C /* Model */,
				DCA3B1302888439B002CFF5C /* Helpers */,
				DCFA440C288594A30035711D /* OWCompanionApp.swift */,
				DCFA4436288594D40035711D /* ViewRouter.swift */,
				DCFA4438288596220035711D /* Views */,
				DCFA4410288594A90035711D /* Assets.xcassets */,
				DCFA44482887009B0035711D /* GoogleService-Info.plist */,
				DCFA4412288594A90035711D /* Preview Content */,
			);
			path = OWCompanion;
			sourceTree = "<group>";
		};
		DCFA4412288594A90035711D /* Preview Content */ = {
			isa = PBXGroup;
			children = (
				DCFA4413288594A90035711D /* Preview Assets.xcassets */,
			);
			path = "Preview Content";
			sourceTree = "<group>";
		};
		DCFA4438288596220035711D /* Views */ = {
			isa = PBXGroup;
			children = (
				DC5D15642888CDDA00238205 /* FighterViews */,
				DCFA4439288596480035711D /* ViewSwitcher.swift */,
				DCFA443B288597220035711D /* SignUpView.swift */,
				DCFA443D2885972C0035711D /* SignInView.swift */,
				DCFA443F2885973D0035711D /* HomeView.swift */,
			);
			path = Views;
			sourceTree = "<group>";
		};
/* End PBXGroup section */

/* Begin PBXNativeTarget section */
		DCFA4408288594A30035711D /* OWCompanion */ = {
			isa = PBXNativeTarget;
			buildConfigurationList = DCFA442D288594AA0035711D /* Build configuration list for PBXNativeTarget "OWCompanion" */;
			buildPhases = (
				DCFA4405288594A30035711D /* Sources */,
				DCFA4406288594A30035711D /* Frameworks */,
				DCFA4407288594A30035711D /* Resources */,
			);
			buildRules = (
			);
			dependencies = (
			);
			name = OWCompanion;
			packageProductDependencies = (
				DCFA44422885EA5B0035711D /* FirebaseAuth */,
				DCFA44442885EA5B0035711D /* FirebaseDatabase */,
				DCFA44462885EA5B0035711D /* FirebaseFirestore */,
			);
			productName = OWCompanion;
			productReference = DCFA4409288594A30035711D /* OWCompanion.app */;
			productType = "com.apple.product-type.application";
		};
		DCFA4418288594AA0035711D /* OWCompanionTests */ = {
			isa = PBXNativeTarget;
			buildConfigurationList = DCFA4430288594AA0035711D /* Build configuration list for PBXNativeTarget "OWCompanionTests" */;
			buildPhases = (
				DCFA4415288594AA0035711D /* Sources */,
				DCFA4416288594AA0035711D /* Frameworks */,
				DCFA4417288594AA0035711D /* Resources */,
			);
			buildRules = (
			);
			dependencies = (
				DCFA441B288594AA0035711D /* PBXTargetDependency */,
			);
			name = OWCompanionTests;
			productName = OWCompanionTests;
			productReference = DCFA4419288594AA0035711D /* OWCompanionTests.xctest */;
			productType = "com.apple.product-type.bundle.unit-test";
		};
		DCFA4422288594AA0035711D /* OWCompanionUITests */ = {
			isa = PBXNativeTarget;
			buildConfigurationList = DCFA4433288594AA0035711D /* Build configuration list for PBXNativeTarget "OWCompanionUITests" */;
			buildPhases = (
				DCFA441F288594AA0035711D /* Sources */,
				DCFA4420288594AA0035711D /* Frameworks */,
				DCFA4421288594AA0035711D /* Resources */,
			);
			buildRules = (
			);
			dependencies = (
				DCFA4425288594AA0035711D /* PBXTargetDependency */,
			);
			name = OWCompanionUITests;
			productName = OWCompanionUITests;
			productReference = DCFA4423288594AA0035711D /* OWCompanionUITests.xctest */;
			productType = "com.apple.product-type.bundle.ui-testing";
		};
/* End PBXNativeTarget section */

/* Begin PBXProject section */
		DCFA4401288594A30035711D /* Project object */ = {
			isa = PBXProject;
			attributes = {
				BuildIndependentTargetsInParallel = 1;
				LastSwiftUpdateCheck = 1340;
				LastUpgradeCheck = 1340;
				TargetAttributes = {
					DCFA4408288594A30035711D = {
						CreatedOnToolsVersion = 13.4.1;
					};
					DCFA4418288594AA0035711D = {
						CreatedOnToolsVersion = 13.4.1;
						TestTargetID = DCFA4408288594A30035711D;
					};
					DCFA4422288594AA0035711D = {
						CreatedOnToolsVersion = 13.4.1;
						TestTargetID = DCFA4408288594A30035711D;
					};
				};
			};
			buildConfigurationList = DCFA4404288594A30035711D /* Build configuration list for PBXProject "OWCompanion" */;
			compatibilityVersion = "Xcode 13.0";
			developmentRegion = en;
			hasScannedForEncodings = 0;
			knownRegions = (
				en,
				Base,
			);
			mainGroup = DCFA4400288594A30035711D;
			packageReferences = (
				DCFA44412885EA5A0035711D /* XCRemoteSwiftPackageReference "firebase-ios-sdk" */,
			);
			productRefGroup = DCFA440A288594A30035711D /* Products */;
			projectDirPath = "";
			projectRoot = "";
			targets = (
				DCFA4408288594A30035711D /* OWCompanion */,
				DCFA4418288594AA0035711D /* OWCompanionTests */,
				DCFA4422288594AA0035711D /* OWCompanionUITests */,
			);
		};
/* End PBXProject section */

/* Begin PBXResourcesBuildPhase section */
		DCFA4407288594A30035711D /* Resources */ = {
			isa = PBXResourcesBuildPhase;
			buildActionMask = 2147483647;
			files = (
				DCFA4414288594A90035711D /* Preview Assets.xcassets in Resources */,
				DCFA4411288594A90035711D /* Assets.xcassets in Resources */,
				DCFA44492887009B0035711D /* GoogleService-Info.plist in Resources */,
			);
			runOnlyForDeploymentPostprocessing = 0;
		};
		DCFA4417288594AA0035711D /* Resources */ = {
			isa = PBXResourcesBuildPhase;
			buildActionMask = 2147483647;
			files = (
			);
			runOnlyForDeploymentPostprocessing = 0;
		};
		DCFA4421288594AA0035711D /* Resources */ = {
			isa = PBXResourcesBuildPhase;
			buildActionMask = 2147483647;
			files = (
			);
			runOnlyForDeploymentPostprocessing = 0;
		};
/* End PBXResourcesBuildPhase section */

/* Begin PBXSourcesBuildPhase section */
		DCFA4405288594A30035711D /* Sources */ = {
			isa = PBXSourcesBuildPhase;
			buildActionMask = 2147483647;
			files = (
				DCFA443C288597220035711D /* SignUpView.swift in Sources */,
				DCA3B137288863E9002CFF5C /* Fighter.swift in Sources */,
				DCA3B13F28886B45002CFF5C /* FighterViewModel.swift in Sources */,
				DCE453C72888BB6D00FCF5ED /* CircleImage.swift in Sources */,
				DCA3B13D288868C2002CFF5C /* FighterDetail.swift in Sources */,
				DCFA443A288596480035711D /* ViewSwitcher.swift in Sources */,
				DCA3B132288843AB002CFF5C /* CustomColors.swift in Sources */,
				DCFA440D288594A30035711D /* OWCompanionApp.swift in Sources */,
				DCA3B13428886366002CFF5C /* FighterRow.swift in Sources */,
				DCFA44402885973D0035711D /* HomeView.swift in Sources */,
				DCA3B13B288867FF002CFF5C /* FighterList.swift in Sources */,
				DCFA4437288594D40035711D /* ViewRouter.swift in Sources */,
				DCFA443E2885972C0035711D /* SignInView.swift in Sources */,
				DCAA6FB22888C99B00777491 /* ModelData.swift in Sources */,
			);
			runOnlyForDeploymentPostprocessing = 0;
		};
		DCFA4415288594AA0035711D /* Sources */ = {
			isa = PBXSourcesBuildPhase;
			buildActionMask = 2147483647;
			files = (
			);
			runOnlyForDeploymentPostprocessing = 0;
		};
		DCFA441F288594AA0035711D /* Sources */ = {
			isa = PBXSourcesBuildPhase;
			buildActionMask = 2147483647;
			files = (
			);
			runOnlyForDeploymentPostprocessing = 0;
		};
/* End PBXSourcesBuildPhase section */

/* Begin PBXTargetDependency section */
		DCFA441B288594AA0035711D /* PBXTargetDependency */ = {
			isa = PBXTargetDependency;
			target = DCFA4408288594A30035711D /* OWCompanion */;
			targetProxy = DCFA441A288594AA0035711D /* PBXContainerItemProxy */;
		};
		DCFA4425288594AA0035711D /* PBXTargetDependency */ = {
			isa = PBXTargetDependency;
			target = DCFA4408288594A30035711D /* OWCompanion */;
			targetProxy = DCFA4424288594AA0035711D /* PBXContainerItemProxy */;
		};
/* End PBXTargetDependency section */

/* Begin XCBuildConfiguration section */
		DCFA442B288594AA0035711D /* Debug */ = {
			isa = XCBuildConfiguration;
			buildSettings = {
				ALWAYS_SEARCH_USER_PATHS = NO;
				CLANG_ANALYZER_NONNULL = YES;
				CLANG_ANALYZER_NUMBER_OBJECT_CONVERSION = YES_AGGRESSIVE;
				CLANG_CXX_LANGUAGE_STANDARD = "gnu++17";
				CLANG_ENABLE_MODULES = YES;
				CLANG_ENABLE_OBJC_ARC = YES;
				CLANG_ENABLE_OBJC_WEAK = YES;
				CLANG_WARN_BLOCK_CAPTURE_AUTORELEASING = YES;
				CLANG_WARN_BOOL_CONVERSION = YES;
				CLANG_WARN_COMMA = YES;
				CLANG_WARN_CONSTANT_CONVERSION = YES;
				CLANG_WARN_DEPRECATED_OBJC_IMPLEMENTATIONS = YES;
				CLANG_WARN_DIRECT_OBJC_ISA_USAGE = YES_ERROR;
				CLANG_WARN_DOCUMENTATION_COMMENTS = YES;
				CLANG_WARN_EMPTY_BODY = YES;
				CLANG_WARN_ENUM_CONVERSION = YES;
				CLANG_WARN_INFINITE_RECURSION = YES;
				CLANG_WARN_INT_CONVERSION = YES;
				CLANG_WARN_NON_LITERAL_NULL_CONVERSION = YES;
				CLANG_WARN_OBJC_IMPLICIT_RETAIN_SELF = YES;
				CLANG_WARN_OBJC_LITERAL_CONVERSION = YES;
				CLANG_WARN_OBJC_ROOT_CLASS = YES_ERROR;
				CLANG_WARN_QUOTED_INCLUDE_IN_FRAMEWORK_HEADER = YES;
				CLANG_WARN_RANGE_LOOP_ANALYSIS = YES;
				CLANG_WARN_STRICT_PROTOTYPES = YES;
				CLANG_WARN_SUSPICIOUS_MOVE = YES;
				CLANG_WARN_UNGUARDED_AVAILABILITY = YES_AGGRESSIVE;
				CLANG_WARN_UNREACHABLE_CODE = YES;
				CLANG_WARN__DUPLICATE_METHOD_MATCH = YES;
				COPY_PHASE_STRIP = NO;
				DEBUG_INFORMATION_FORMAT = dwarf;
				ENABLE_STRICT_OBJC_MSGSEND = YES;
				ENABLE_TESTABILITY = YES;
				GCC_C_LANGUAGE_STANDARD = gnu11;
				GCC_DYNAMIC_NO_PIC = NO;
				GCC_NO_COMMON_BLOCKS = YES;
				GCC_OPTIMIZATION_LEVEL = 0;
				GCC_PREPROCESSOR_DEFINITIONS = (
					"DEBUG=1",
					"$(inherited)",
				);
				GCC_WARN_64_TO_32_BIT_CONVERSION = YES;
				GCC_WARN_ABOUT_RETURN_TYPE = YES_ERROR;
				GCC_WARN_UNDECLARED_SELECTOR = YES;
				GCC_WARN_UNINITIALIZED_AUTOS = YES_AGGRESSIVE;
				GCC_WARN_UNUSED_FUNCTION = YES;
				GCC_WARN_UNUSED_VARIABLE = YES;
				IPHONEOS_DEPLOYMENT_TARGET = 15.5;
				MTL_ENABLE_DEBUG_INFO = INCLUDE_SOURCE;
				MTL_FAST_MATH = YES;
				ONLY_ACTIVE_ARCH = YES;
				SDKROOT = iphoneos;
				SWIFT_ACTIVE_COMPILATION_CONDITIONS = DEBUG;
				SWIFT_OPTIMIZATION_LEVEL = "-Onone";
			};
			name = Debug;
		};
		DCFA442C288594AA0035711D /* Release */ = {
			isa = XCBuildConfiguration;
			buildSettings = {
				ALWAYS_SEARCH_USER_PATHS = NO;
				CLANG_ANALYZER_NONNULL = YES;
				CLANG_ANALYZER_NUMBER_OBJECT_CONVERSION = YES_AGGRESSIVE;
				CLANG_CXX_LANGUAGE_STANDARD = "gnu++17";
				CLANG_ENABLE_MODULES = YES;
				CLANG_ENABLE_OBJC_ARC = YES;
				CLANG_ENABLE_OBJC_WEAK = YES;
				CLANG_WARN_BLOCK_CAPTURE_AUTORELEASING = YES;
				CLANG_WARN_BOOL_CONVERSION = YES;
				CLANG_WARN_COMMA = YES;
				CLANG_WARN_CONSTANT_CONVERSION = YES;
				CLANG_WARN_DEPRECATED_OBJC_IMPLEMENTATIONS = YES;
				CLANG_WARN_DIRECT_OBJC_ISA_USAGE = YES_ERROR;
				CLANG_WARN_DOCUMENTATION_COMMENTS = YES;
				CLANG_WARN_EMPTY_BODY = YES;
				CLANG_WARN_ENUM_CONVERSION = YES;
				CLANG_WARN_INFINITE_RECURSION = YES;
				CLANG_WARN_INT_CONVERSION = YES;
				CLANG_WARN_NON_LITERAL_NULL_CONVERSION = YES;
				CLANG_WARN_OBJC_IMPLICIT_RETAIN_SELF = YES;
				CLANG_WARN_OBJC_LITERAL_CONVERSION = YES;
				CLANG_WARN_OBJC_ROOT_CLASS = YES_ERROR;
				CLANG_WARN_QUOTED_INCLUDE_IN_FRAMEWORK_HEADER = YES;
				CLANG_WARN_RANGE_LOOP_ANALYSIS = YES;
				CLANG_WARN_STRICT_PROTOTYPES = YES;
				CLANG_WARN_SUSPICIOUS_MOVE = YES;
				CLANG_WARN_UNGUARDED_AVAILABILITY = YES_AGGRESSIVE;
				CLANG_WARN_UNREACHABLE_CODE = YES;
				CLANG_WARN__DUPLICATE_METHOD_MATCH = YES;
				COPY_PHASE_STRIP = NO;
				DEBUG_INFORMATION_FORMAT = "dwarf-with-dsym";
				ENABLE_NS_ASSERTIONS = NO;
				ENABLE_STRICT_OBJC_MSGSEND = YES;
				GCC_C_LANGUAGE_STANDARD = gnu11;
				GCC_NO_COMMON_BLOCKS = YES;
				GCC_WARN_64_TO_32_BIT_CONVERSION = YES;
				GCC_WARN_ABOUT_RETURN_TYPE = YES_ERROR;
				GCC_WARN_UNDECLARED_SELECTOR = YES;
				GCC_WARN_UNINITIALIZED_AUTOS = YES_AGGRESSIVE;
				GCC_WARN_UNUSED_FUNCTION = YES;
				GCC_WARN_UNUSED_VARIABLE = YES;
				IPHONEOS_DEPLOYMENT_TARGET = 15.5;
				MTL_ENABLE_DEBUG_INFO = NO;
				MTL_FAST_MATH = YES;
				SDKROOT = iphoneos;
				SWIFT_COMPILATION_MODE = wholemodule;
				SWIFT_OPTIMIZATION_LEVEL = "-O";
				VALIDATE_PRODUCT = YES;
			};
			name = Release;
		};
		DCFA442E288594AA0035711D /* Debug */ = {
			isa = XCBuildConfiguration;
			buildSettings = {
				ASSETCATALOG_COMPILER_APPICON_NAME = AppIcon;
				ASSETCATALOG_COMPILER_GLOBAL_ACCENT_COLOR_NAME = AccentColor;
				CODE_SIGN_STYLE = Automatic;
				CURRENT_PROJECT_VERSION = 1;
				DEVELOPMENT_ASSET_PATHS = "\"OWCompanion/Preview Content\"";
				DEVELOPMENT_TEAM = TJX7Z9R5LY;
				ENABLE_PREVIEWS = YES;
				GENERATE_INFOPLIST_FILE = YES;
				INFOPLIST_KEY_UIApplicationSceneManifest_Generation = YES;
				INFOPLIST_KEY_UIApplicationSupportsIndirectInputEvents = YES;
				INFOPLIST_KEY_UILaunchScreen_Generation = YES;
				INFOPLIST_KEY_UISupportedInterfaceOrientations_iPad = "UIInterfaceOrientationPortrait UIInterfaceOrientationPortraitUpsideDown UIInterfaceOrientationLandscapeLeft UIInterfaceOrientationLandscapeRight";
				INFOPLIST_KEY_UISupportedInterfaceOrientations_iPhone = "UIInterfaceOrientationPortrait UIInterfaceOrientationLandscapeLeft UIInterfaceOrientationLandscapeRight";
				LD_RUNPATH_SEARCH_PATHS = (
					"$(inherited)",
					"@executable_path/Frameworks",
				);
				MARKETING_VERSION = 1.0;
				PRODUCT_BUNDLE_IDENTIFIER = com.furkanturkmen.OWCompanion;
				PRODUCT_NAME = "$(TARGET_NAME)";
				SWIFT_EMIT_LOC_STRINGS = YES;
				SWIFT_VERSION = 5.0;
				TARGETED_DEVICE_FAMILY = "1,2";
			};
			name = Debug;
		};
		DCFA442F288594AA0035711D /* Release */ = {
			isa = XCBuildConfiguration;
			buildSettings = {
				ASSETCATALOG_COMPILER_APPICON_NAME = AppIcon;
				ASSETCATALOG_COMPILER_GLOBAL_ACCENT_COLOR_NAME = AccentColor;
				CODE_SIGN_STYLE = Automatic;
				CURRENT_PROJECT_VERSION = 1;
				DEVELOPMENT_ASSET_PATHS = "\"OWCompanion/Preview Content\"";
				DEVELOPMENT_TEAM = TJX7Z9R5LY;
				ENABLE_PREVIEWS = YES;
				GENERATE_INFOPLIST_FILE = YES;
				INFOPLIST_KEY_UIApplicationSceneManifest_Generation = YES;
				INFOPLIST_KEY_UIApplicationSupportsIndirectInputEvents = YES;
				INFOPLIST_KEY_UILaunchScreen_Generation = YES;
				INFOPLIST_KEY_UISupportedInterfaceOrientations_iPad = "UIInterfaceOrientationPortrait UIInterfaceOrientationPortraitUpsideDown UIInterfaceOrientationLandscapeLeft UIInterfaceOrientationLandscapeRight";
				INFOPLIST_KEY_UISupportedInterfaceOrientations_iPhone = "UIInterfaceOrientationPortrait UIInterfaceOrientationLandscapeLeft UIInterfaceOrientationLandscapeRight";
				LD_RUNPATH_SEARCH_PATHS = (
					"$(inherited)",
					"@executable_path/Frameworks",
				);
				MARKETING_VERSION = 1.0;
				PRODUCT_BUNDLE_IDENTIFIER = com.furkanturkmen.OWCompanion;
				PRODUCT_NAME = "$(TARGET_NAME)";
				SWIFT_EMIT_LOC_STRINGS = YES;
				SWIFT_VERSION = 5.0;
				TARGETED_DEVICE_FAMILY = "1,2";
			};
			name = Release;
		};
		DCFA4431288594AA0035711D /* Debug */ = {
			isa = XCBuildConfiguration;
			buildSettings = {
				ALWAYS_EMBED_SWIFT_STANDARD_LIBRARIES = YES;
				BUNDLE_LOADER = "$(TEST_HOST)";
				CODE_SIGN_STYLE = Automatic;
				CURRENT_PROJECT_VERSION = 1;
				DEVELOPMENT_TEAM = TJX7Z9R5LY;
				GENERATE_INFOPLIST_FILE = YES;
				IPHONEOS_DEPLOYMENT_TARGET = 15.5;
				MARKETING_VERSION = 1.0;
				PRODUCT_BUNDLE_IDENTIFIER = com.furkanturkmen.OWCompanionTests;
				PRODUCT_NAME = "$(TARGET_NAME)";
				SWIFT_EMIT_LOC_STRINGS = NO;
				SWIFT_VERSION = 5.0;
				TARGETED_DEVICE_FAMILY = "1,2";
				TEST_HOST = "$(BUILT_PRODUCTS_DIR)/OWCompanion.app/OWCompanion";
			};
			name = Debug;
		};
		DCFA4432288594AA0035711D /* Release */ = {
			isa = XCBuildConfiguration;
			buildSettings = {
				ALWAYS_EMBED_SWIFT_STANDARD_LIBRARIES = YES;
				BUNDLE_LOADER = "$(TEST_HOST)";
				CODE_SIGN_STYLE = Automatic;
				CURRENT_PROJECT_VERSION = 1;
				DEVELOPMENT_TEAM = TJX7Z9R5LY;
				GENERATE_INFOPLIST_FILE = YES;
				IPHONEOS_DEPLOYMENT_TARGET = 15.5;
				MARKETING_VERSION = 1.0;
				PRODUCT_BUNDLE_IDENTIFIER = com.furkanturkmen.OWCompanionTests;
				PRODUCT_NAME = "$(TARGET_NAME)";
				SWIFT_EMIT_LOC_STRINGS = NO;
				SWIFT_VERSION = 5.0;
				TARGETED_DEVICE_FAMILY = "1,2";
				TEST_HOST = "$(BUILT_PRODUCTS_DIR)/OWCompanion.app/OWCompanion";
			};
			name = Release;
		};
		DCFA4434288594AA0035711D /* Debug */ = {
			isa = XCBuildConfiguration;
			buildSettings = {
				ALWAYS_EMBED_SWIFT_STANDARD_LIBRARIES = YES;
				CODE_SIGN_STYLE = Automatic;
				CURRENT_PROJECT_VERSION = 1;
				DEVELOPMENT_TEAM = TJX7Z9R5LY;
				GENERATE_INFOPLIST_FILE = YES;
				MARKETING_VERSION = 1.0;
				PRODUCT_BUNDLE_IDENTIFIER = com.furkanturkmen.OWCompanionUITests;
				PRODUCT_NAME = "$(TARGET_NAME)";
				SWIFT_EMIT_LOC_STRINGS = NO;
				SWIFT_VERSION = 5.0;
				TARGETED_DEVICE_FAMILY = "1,2";
				TEST_TARGET_NAME = OWCompanion;
			};
			name = Debug;
		};
		DCFA4435288594AA0035711D /* Release */ = {
			isa = XCBuildConfiguration;
			buildSettings = {
				ALWAYS_EMBED_SWIFT_STANDARD_LIBRARIES = YES;
				CODE_SIGN_STYLE = Automatic;
				CURRENT_PROJECT_VERSION = 1;
				DEVELOPMENT_TEAM = TJX7Z9R5LY;
				GENERATE_INFOPLIST_FILE = YES;
				MARKETING_VERSION = 1.0;
				PRODUCT_BUNDLE_IDENTIFIER = com.furkanturkmen.OWCompanionUITests;
				PRODUCT_NAME = "$(TARGET_NAME)";
				SWIFT_EMIT_LOC_STRINGS = NO;
				SWIFT_VERSION = 5.0;
				TARGETED_DEVICE_FAMILY = "1,2";
				TEST_TARGET_NAME = OWCompanion;
			};
			name = Release;
		};
/* End XCBuildConfiguration section */

/* Begin XCConfigurationList section */
		DCFA4404288594A30035711D /* Build configuration list for PBXProject "OWCompanion" */ = {
			isa = XCConfigurationList;
			buildConfigurations = (
				DCFA442B288594AA0035711D /* Debug */,
				DCFA442C288594AA0035711D /* Release */,
			);
			defaultConfigurationIsVisible = 0;
			defaultConfigurationName = Release;
		};
		DCFA442D288594AA0035711D /* Build configuration list for PBXNativeTarget "OWCompanion" */ = {
			isa = XCConfigurationList;
			buildConfigurations = (
				DCFA442E288594AA0035711D /* Debug */,
				DCFA442F288594AA0035711D /* Release */,
			);
			defaultConfigurationIsVisible = 0;
			defaultConfigurationName = Release;
		};
		DCFA4430288594AA0035711D /* Build configuration list for PBXNativeTarget "OWCompanionTests" */ = {
			isa = XCConfigurationList;
			buildConfigurations = (
				DCFA4431288594AA0035711D /* Debug */,
				DCFA4432288594AA0035711D /* Release */,
			);
			defaultConfigurationIsVisible = 0;
			defaultConfigurationName = Release;
		};
		DCFA4433288594AA0035711D /* Build configuration list for PBXNativeTarget "OWCompanionUITests" */ = {
			isa = XCConfigurationList;
			buildConfigurations = (
				DCFA4434288594AA0035711D /* Debug */,
				DCFA4435288594AA0035711D /* Release */,
			);
			defaultConfigurationIsVisible = 0;
			defaultConfigurationName = Release;
		};
/* End XCConfigurationList section */

/* Begin XCRemoteSwiftPackageReference section */
		DCFA44412885EA5A0035711D /* XCRemoteSwiftPackageReference "firebase-ios-sdk" */ = {
			isa = XCRemoteSwiftPackageReference;
			repositoryURL = "https://github.com/firebase/firebase-ios-sdk.git";
			requirement = {
				kind = upToNextMajorVersion;
				minimumVersion = 9.0.0;
			};
		};
/* End XCRemoteSwiftPackageReference section */

/* Begin XCSwiftPackageProductDependency section */
		DCFA44422885EA5B0035711D /* FirebaseAuth */ = {
			isa = XCSwiftPackageProductDependency;
			package = DCFA44412885EA5A0035711D /* XCRemoteSwiftPackageReference "firebase-ios-sdk" */;
			productName = FirebaseAuth;
		};
		DCFA44442885EA5B0035711D /* FirebaseDatabase */ = {
			isa = XCSwiftPackageProductDependency;
			package = DCFA44412885EA5A0035711D /* XCRemoteSwiftPackageReference "firebase-ios-sdk" */;
			productName = FirebaseDatabase;
		};
		DCFA44462885EA5B0035711D /* FirebaseFirestore */ = {
			isa = XCSwiftPackageProductDependency;
			package = DCFA44412885EA5A0035711D /* XCRemoteSwiftPackageReference "firebase-ios-sdk" */;
			productName = FirebaseFirestore;
		};
/* End XCSwiftPackageProductDependency section */
	};
	rootObject = DCFA4401288594A30035711D /* Project object */;
}
